
Microsoft Visual Studio Solution File, Format Version 12.00
# Visual Studio Version 17
VisualStudioVersion = 17.4.33213.308
MinimumVisualStudioVersion = 10.0.40219.1
Project("{9A19103F-16F7-4668-BE54-9A1E7A4F7556}") = "NDK.Core", "NDK.Core\NDK.Core.csproj", "{8A22980C-E4FF-48BF-A065-08FCF21059BA}"
EndProject
Project("{9A19103F-16F7-4668-BE54-9A1E7A4F7556}") = "NDK.Database", "NDK.Database\NDK.Database.csproj", "{4A109BA6-2122-449B-B907-0C0A4AA373C2}"
EndProject
Project("{9A19103F-16F7-4668-BE54-9A1E7A4F7556}") = "NDK.Query", "NDK.Query\NDK.Query.csproj", "{A62F2E3B-6BE0-4DC1-AB63-399C9555B0CB}"
EndProject
Project("{9A19103F-16F7-4668-BE54-9A1E7A4F7556}") = "NDK.QueryAnalyser.Core", "NDK.QueryAnalyser\NDK.QueryAnalyser.Core.csproj", "{FE6144DE-766B-4451-8C59-8026B7CDE5C4}"
EndProject
Project("{9A19103F-16F7-4668-BE54-9A1E7A4F7556}") = "NDK.Globalization", "NDK.Globalization\NDK.Globalization.csproj", "{2429599B-BA43-4A25-86C4-5C29BCF77AC2}"
EndProject
Project("{9A19103F-16F7-4668-BE54-9A1E7A4F7556}") = "NDK.UI", "NDK.UI\NDK.UI\NDK.UI.csproj", "{CDED77F3-3F1B-48DC-8177-FAE447529793}"
EndProject
Project("{9A19103F-16F7-4668-BE54-9A1E7A4F7556}") = "NDK.Auth.Core", "NDK.Auth.Core\NDK.Auth.Core.csproj", "{EB14AA63-0FA5-48D7-A2B7-EF4B79FFFCE0}"
EndProject
Project("{2150E333-8FDC-42A3-9474-1A3956D46DE8}") = "Auth", "Auth", "{4D565BDC-8045-45C0-88B6-4C33D8CDF9D0}"
EndProject
Project("{9A19103F-16F7-4668-BE54-9A1E7A4F7556}") = "NDK.Auth.Server", "NDK.Auth.Server\NDK.Auth.Server.csproj", "{1C03B691-3D57-4034-AE2E-11D06678131B}"
EndProject
Project("{9A19103F-16F7-4668-BE54-9A1E7A4F7556}") = "NDK.Auth.Client", "NDK.Auth.Client\NDK.Auth.Client.csproj", "{D5DE897F-275E-4FD5-B772-A2055FCB3013}"
EndProject
Project("{2150E333-8FDC-42A3-9474-1A3956D46DE8}") = "Common", "Common", "{70C0CF1C-2437-4902-A153-98334F4260A8}"
EndProject
Project("{9A19103F-16F7-4668-BE54-9A1E7A4F7556}") = "NDK.Core.Extensions", "NDK.Core.Extensions\NDK.Core.Extensions.csproj", "{091AE8CB-4BF7-4753-8FCE-39AEC518AEFD}"
EndProject
Project("{9A19103F-16F7-4668-BE54-9A1E7A4F7556}") = "NDK.Core.Features", "NDK.Core.Features\NDK.Core.Features.csproj", "{B779367E-15A7-4358-8D10-D75F17DE74E2}"
EndProject
Project("{2150E333-8FDC-42A3-9474-1A3956D46DE8}") = "Sandbox", "Sandbox", "{0B900BFF-4854-4CA4-809C-FF6B25F0504E}"
EndProject
Project("{FAE04EC0-301F-11D3-BF4B-00C04F79EFBC}") = "NDK.API.Sandbox", "NDK.API.Sandbox\NDK.API.Sandbox.csproj", "{9780F422-9AA0-4196-B355-45D071DD6204}"
EndProject
Project("{2150E333-8FDC-42A3-9474-1A3956D46DE8}") = "GUI", "GUI", "{3FACC01F-9383-4F39-9B36-BBD21FA589F3}"
EndProject
Project("{2150E333-8FDC-42A3-9474-1A3956D46DE8}") = "Presentation", "Presentation", "{BEE27EA8-DD35-484C-A6F4-83AF4DABA43E}"
EndProject
Project("{FAE04EC0-301F-11D3-BF4B-00C04F79EFBC}") = "NDK.UI.Wasm", "NDK.UI.Wasm\NDK.UI.Wasm.csproj", "{2BFC99C4-E7F7-489F-AFF1-AA183212DFFA}"
EndProject
Project("{FAE04EC0-301F-11D3-BF4B-00C04F79EFBC}") = "NDK.UI.Dynamic", "NDK.UI.Dynamic\NDK.UI.Dynamic.csproj", "{BC053643-9BB5-4190-BF42-DC52E91C0DF1}"
EndProject
Global
	GlobalSection(SolutionConfigurationPlatforms) = preSolution
		Debug|Any CPU = Debug|Any CPU
		Release|Any CPU = Release|Any CPU
	EndGlobalSection
	GlobalSection(ProjectConfigurationPlatforms) = postSolution
		{8A22980C-E4FF-48BF-A065-08FCF21059BA}.Debug|Any CPU.ActiveCfg = Debug|Any CPU
		{8A22980C-E4FF-48BF-A065-08FCF21059BA}.Debug|Any CPU.Build.0 = Debug|Any CPU
		{8A22980C-E4FF-48BF-A065-08FCF21059BA}.Release|Any CPU.ActiveCfg = Release|Any CPU
		{8A22980C-E4FF-48BF-A065-08FCF21059BA}.Release|Any CPU.Build.0 = Release|Any CPU
		{4A109BA6-2122-449B-B907-0C0A4AA373C2}.Debug|Any CPU.ActiveCfg = Debug|Any CPU
		{4A109BA6-2122-449B-B907-0C0A4AA373C2}.Debug|Any CPU.Build.0 = Debug|Any CPU
		{4A109BA6-2122-449B-B907-0C0A4AA373C2}.Release|Any CPU.ActiveCfg = Release|Any CPU
		{4A109BA6-2122-449B-B907-0C0A4AA373C2}.Release|Any CPU.Build.0 = Release|Any CPU
		{A62F2E3B-6BE0-4DC1-AB63-399C9555B0CB}.Debug|Any CPU.ActiveCfg = Debug|Any CPU
		{A62F2E3B-6BE0-4DC1-AB63-399C9555B0CB}.Debug|Any CPU.Build.0 = Debug|Any CPU
		{A62F2E3B-6BE0-4DC1-AB63-399C9555B0CB}.Release|Any CPU.ActiveCfg = Release|Any CPU
		{A62F2E3B-6BE0-4DC1-AB63-399C9555B0CB}.Release|Any CPU.Build.0 = Release|Any CPU
		{FE6144DE-766B-4451-8C59-8026B7CDE5C4}.Debug|Any CPU.ActiveCfg = Debug|Any CPU
		{FE6144DE-766B-4451-8C59-8026B7CDE5C4}.Debug|Any CPU.Build.0 = Debug|Any CPU
		{FE6144DE-766B-4451-8C59-8026B7CDE5C4}.Release|Any CPU.ActiveCfg = Release|Any CPU
		{FE6144DE-766B-4451-8C59-8026B7CDE5C4}.Release|Any CPU.Build.0 = Release|Any CPU
		{2429599B-BA43-4A25-86C4-5C29BCF77AC2}.Debug|Any CPU.ActiveCfg = Debug|Any CPU
		{2429599B-BA43-4A25-86C4-5C29BCF77AC2}.Debug|Any CPU.Build.0 = Debug|Any CPU
		{2429599B-BA43-4A25-86C4-5C29BCF77AC2}.Release|Any CPU.ActiveCfg = Release|Any CPU
		{2429599B-BA43-4A25-86C4-5C29BCF77AC2}.Release|Any CPU.Build.0 = Release|Any CPU
		{CDED77F3-3F1B-48DC-8177-FAE447529793}.Debug|Any CPU.ActiveCfg = Debug|Any CPU
		{CDED77F3-3F1B-48DC-8177-FAE447529793}.Debug|Any CPU.Build.0 = Debug|Any CPU
		{CDED77F3-3F1B-48DC-8177-FAE447529793}.Release|Any CPU.ActiveCfg = Release|Any CPU
		{CDED77F3-3F1B-48DC-8177-FAE447529793}.Release|Any CPU.Build.0 = Release|Any CPU
		{EB14AA63-0FA5-48D7-A2B7-EF4B79FFFCE0}.Debug|Any CPU.ActiveCfg = Debug|Any CPU
		{EB14AA63-0FA5-48D7-A2B7-EF4B79FFFCE0}.Debug|Any CPU.Build.0 = Debug|Any CPU
		{EB14AA63-0FA5-48D7-A2B7-EF4B79FFFCE0}.Release|Any CPU.ActiveCfg = Release|Any CPU
		{EB14AA63-0FA5-48D7-A2B7-EF4B79FFFCE0}.Release|Any CPU.Build.0 = Release|Any CPU
		{1C03B691-3D57-4034-AE2E-11D06678131B}.Debug|Any CPU.ActiveCfg = Debug|Any CPU
		{1C03B691-3D57-4034-AE2E-11D06678131B}.Debug|Any CPU.Build.0 = Debug|Any CPU
		{1C03B691-3D57-4034-AE2E-11D06678131B}.Release|Any CPU.ActiveCfg = Release|Any CPU
		{1C03B691-3D57-4034-AE2E-11D06678131B}.Release|Any CPU.Build.0 = Release|Any CPU
		{D5DE897F-275E-4FD5-B772-A2055FCB3013}.Debug|Any CPU.ActiveCfg = Debug|Any CPU
		{D5DE897F-275E-4FD5-B772-A2055FCB3013}.Debug|Any CPU.Build.0 = Debug|Any CPU
		{D5DE897F-275E-4FD5-B772-A2055FCB3013}.Release|Any CPU.ActiveCfg = Release|Any CPU
		{D5DE897F-275E-4FD5-B772-A2055FCB3013}.Release|Any CPU.Build.0 = Release|Any CPU
		{091AE8CB-4BF7-4753-8FCE-39AEC518AEFD}.Debug|Any CPU.ActiveCfg = Debug|Any CPU
		{091AE8CB-4BF7-4753-8FCE-39AEC518AEFD}.Debug|Any CPU.Build.0 = Debug|Any CPU
		{091AE8CB-4BF7-4753-8FCE-39AEC518AEFD}.Release|Any CPU.ActiveCfg = Release|Any CPU
		{091AE8CB-4BF7-4753-8FCE-39AEC518AEFD}.Release|Any CPU.Build.0 = Release|Any CPU
		{B779367E-15A7-4358-8D10-D75F17DE74E2}.Debug|Any CPU.ActiveCfg = Debug|Any CPU
		{B779367E-15A7-4358-8D10-D75F17DE74E2}.Debug|Any CPU.Build.0 = Debug|Any CPU
		{B779367E-15A7-4358-8D10-D75F17DE74E2}.Release|Any CPU.ActiveCfg = Release|Any CPU
		{B779367E-15A7-4358-8D10-D75F17DE74E2}.Release|Any CPU.Build.0 = Release|Any CPU
		{9780F422-9AA0-4196-B355-45D071DD6204}.Debug|Any CPU.ActiveCfg = Debug|Any CPU
		{9780F422-9AA0-4196-B355-45D071DD6204}.Debug|Any CPU.Build.0 = Debug|Any CPU
		{9780F422-9AA0-4196-B355-45D071DD6204}.Release|Any CPU.ActiveCfg = Release|Any CPU
		{9780F422-9AA0-4196-B355-45D071DD6204}.Release|Any CPU.Build.0 = Release|Any CPU
		{2BFC99C4-E7F7-489F-AFF1-AA183212DFFA}.Debug|Any CPU.ActiveCfg = Debug|Any CPU
		{2BFC99C4-E7F7-489F-AFF1-AA183212DFFA}.Debug|Any CPU.Build.0 = Debug|Any CPU
		{2BFC99C4-E7F7-489F-AFF1-AA183212DFFA}.Release|Any CPU.ActiveCfg = Release|Any CPU
		{2BFC99C4-E7F7-489F-AFF1-AA183212DFFA}.Release|Any CPU.Build.0 = Release|Any CPU
		{BC053643-9BB5-4190-BF42-DC52E91C0DF1}.Debug|Any CPU.ActiveCfg = Debug|Any CPU
		{BC053643-9BB5-4190-BF42-DC52E91C0DF1}.Debug|Any CPU.Build.0 = Debug|Any CPU
		{BC053643-9BB5-4190-BF42-DC52E91C0DF1}.Release|Any CPU.ActiveCfg = Release|Any CPU
		{BC053643-9BB5-4190-BF42-DC52E91C0DF1}.Release|Any CPU.Build.0 = Release|Any CPU
	EndGlobalSection
	GlobalSection(SolutionProperties) = preSolution
		HideSolutionNode = FALSE
	EndGlobalSection
	GlobalSection(NestedProjects) = preSolution
		{8A22980C-E4FF-48BF-A065-08FCF21059BA} = {70C0CF1C-2437-4902-A153-98334F4260A8}
		{CDED77F3-3F1B-48DC-8177-FAE447529793} = {3FACC01F-9383-4F39-9B36-BBD21FA589F3}
		{EB14AA63-0FA5-48D7-A2B7-EF4B79FFFCE0} = {4D565BDC-8045-45C0-88B6-4C33D8CDF9D0}
		{1C03B691-3D57-4034-AE2E-11D06678131B} = {4D565BDC-8045-45C0-88B6-4C33D8CDF9D0}
		{D5DE897F-275E-4FD5-B772-A2055FCB3013} = {4D565BDC-8045-45C0-88B6-4C33D8CDF9D0}
		{091AE8CB-4BF7-4753-8FCE-39AEC518AEFD} = {70C0CF1C-2437-4902-A153-98334F4260A8}
		{B779367E-15A7-4358-8D10-D75F17DE74E2} = {70C0CF1C-2437-4902-A153-98334F4260A8}
		{9780F422-9AA0-4196-B355-45D071DD6204} = {0B900BFF-4854-4CA4-809C-FF6B25F0504E}
		{BEE27EA8-DD35-484C-A6F4-83AF4DABA43E} = {3FACC01F-9383-4F39-9B36-BBD21FA589F3}
		{2BFC99C4-E7F7-489F-AFF1-AA183212DFFA} = {BEE27EA8-DD35-484C-A6F4-83AF4DABA43E}
		{BC053643-9BB5-4190-BF42-DC52E91C0DF1} = {BEE27EA8-DD35-484C-A6F4-83AF4DABA43E}
	EndGlobalSection
	GlobalSection(ExtensibilityGlobals) = postSolution
		SolutionGuid = {75014FFC-1ED3-4812-924A-135C7806673B}
	EndGlobalSection
EndGlobal
