
Microsoft Visual Studio Solution File, Format Version 12.00
# Visual Studio Version 17
VisualStudioVersion = 17.4.33213.308
MinimumVisualStudioVersion = 10.0.40219.1
Project("{9A19103F-16F7-4668-BE54-9A1E7A4F7556}") = "NDK.Core", "NDK.Core\NDK.Core.csproj", "{8A22980C-E4FF-48BF-A065-08FCF21059BA}"
EndProject
Project("{9A19103F-16F7-4668-BE54-9A1E7A4F7556}") = "NDK.Auth", "NDK.AUTH\NDK.Auth.csproj", "{1BB7DE8F-BBEB-48A4-A90D-85BBA19FFEDA}"
EndProject
Project("{9A19103F-16F7-4668-BE54-9A1E7A4F7556}") = "NDK.PublicAuth", "NDK.PublicAUTH\NDK.PublicAuth.csproj", "{0EFA1016-A489-4B6B-9F49-F6ECE35F01AA}"
EndProject
Project("{9A19103F-16F7-4668-BE54-9A1E7A4F7556}") = "NDK.Database", "NDK.Database\NDK.Database.csproj", "{4A109BA6-2122-449B-B907-0C0A4AA373C2}"
EndProject
Project("{9A19103F-16F7-4668-BE54-9A1E7A4F7556}") = "NDK.Query", "NDK.Query\NDK.Query.csproj", "{A62F2E3B-6BE0-4DC1-AB63-399C9555B0CB}"
EndProject
Project("{9A19103F-16F7-4668-BE54-9A1E7A4F7556}") = "NDK.QueryAnalyser.Core", "NDK.QueryAnalyser\NDK.QueryAnalyser.Core.csproj", "{FE6144DE-766B-4451-8C59-8026B7CDE5C4}"
EndProject
Project("{9A19103F-16F7-4668-BE54-9A1E7A4F7556}") = "NDK.Globalization", "NDK.Globalization\NDK.Globalization.csproj", "{2429599B-BA43-4A25-86C4-5C29BCF77AC2}"
EndProject
Project("{9A19103F-16F7-4668-BE54-9A1E7A4F7556}") = "NDK.MiddleActions", "NDK.MiddleActions\NDK.MiddleActions.csproj", "{8828781F-57BE-43AF-A2D3-7EB38647624D}"
EndProject
Project("{9A19103F-16F7-4668-BE54-9A1E7A4F7556}") = "NDK.SendMail.Client", "NDK.SendMail.Client\NDK.SendMail.Client.csproj", "{9EB73AA4-5BFE-43CA-9808-59D576A272B1}"
EndProject
Project("{9A19103F-16F7-4668-BE54-9A1E7A4F7556}") = "NDK.SendMail.Server", "NDK.SendMail.Server\NDK.SendMail.Server.csproj", "{E4426456-5577-4D41-AE65-4180BC827731}"
EndProject
Project("{9A19103F-16F7-4668-BE54-9A1E7A4F7556}") = "NDK.SendMail.Shared", "NDK.SendMail.Shared\NDK.SendMail.Shared.csproj", "{8C83D625-960F-4C36-8AFC-E9FEA9C051F6}"
EndProject
Project("{2150E333-8FDC-42A3-9474-1A3956D46DE8}") = "Test", "Test", "{34BD10B5-5101-42DB-814D-F4C4085BC36C}"
EndProject
Project("{9A19103F-16F7-4668-BE54-9A1E7A4F7556}") = "Ndk.TestBlazor", "Ndk.TestBlazor\Ndk.TestBlazor.csproj", "{C20C2D65-528A-4FCB-8715-1EC2DE2F6F8A}"
EndProject
Global
	GlobalSection(SolutionConfigurationPlatforms) = preSolution
		Debug|Any CPU = Debug|Any CPU
		Release|Any CPU = Release|Any CPU
	EndGlobalSection
	GlobalSection(ProjectConfigurationPlatforms) = postSolution
		{8A22980C-E4FF-48BF-A065-08FCF21059BA}.Debug|Any CPU.ActiveCfg = Debug|Any CPU
		{8A22980C-E4FF-48BF-A065-08FCF21059BA}.Debug|Any CPU.Build.0 = Debug|Any CPU
		{8A22980C-E4FF-48BF-A065-08FCF21059BA}.Release|Any CPU.ActiveCfg = Release|Any CPU
		{8A22980C-E4FF-48BF-A065-08FCF21059BA}.Release|Any CPU.Build.0 = Release|Any CPU
		{1BB7DE8F-BBEB-48A4-A90D-85BBA19FFEDA}.Debug|Any CPU.ActiveCfg = Debug|Any CPU
		{1BB7DE8F-BBEB-48A4-A90D-85BBA19FFEDA}.Debug|Any CPU.Build.0 = Debug|Any CPU
		{1BB7DE8F-BBEB-48A4-A90D-85BBA19FFEDA}.Release|Any CPU.ActiveCfg = Release|Any CPU
		{1BB7DE8F-BBEB-48A4-A90D-85BBA19FFEDA}.Release|Any CPU.Build.0 = Release|Any CPU
		{0EFA1016-A489-4B6B-9F49-F6ECE35F01AA}.Debug|Any CPU.ActiveCfg = Debug|Any CPU
		{0EFA1016-A489-4B6B-9F49-F6ECE35F01AA}.Debug|Any CPU.Build.0 = Debug|Any CPU
		{0EFA1016-A489-4B6B-9F49-F6ECE35F01AA}.Release|Any CPU.ActiveCfg = Release|Any CPU
		{0EFA1016-A489-4B6B-9F49-F6ECE35F01AA}.Release|Any CPU.Build.0 = Release|Any CPU
		{4A109BA6-2122-449B-B907-0C0A4AA373C2}.Debug|Any CPU.ActiveCfg = Debug|Any CPU
		{4A109BA6-2122-449B-B907-0C0A4AA373C2}.Debug|Any CPU.Build.0 = Debug|Any CPU
		{4A109BA6-2122-449B-B907-0C0A4AA373C2}.Release|Any CPU.ActiveCfg = Release|Any CPU
		{4A109BA6-2122-449B-B907-0C0A4AA373C2}.Release|Any CPU.Build.0 = Release|Any CPU
		{A62F2E3B-6BE0-4DC1-AB63-399C9555B0CB}.Debug|Any CPU.ActiveCfg = Debug|Any CPU
		{A62F2E3B-6BE0-4DC1-AB63-399C9555B0CB}.Debug|Any CPU.Build.0 = Debug|Any CPU
		{A62F2E3B-6BE0-4DC1-AB63-399C9555B0CB}.Release|Any CPU.ActiveCfg = Release|Any CPU
		{A62F2E3B-6BE0-4DC1-AB63-399C9555B0CB}.Release|Any CPU.Build.0 = Release|Any CPU
		{FE6144DE-766B-4451-8C59-8026B7CDE5C4}.Debug|Any CPU.ActiveCfg = Debug|Any CPU
		{FE6144DE-766B-4451-8C59-8026B7CDE5C4}.Debug|Any CPU.Build.0 = Debug|Any CPU
		{FE6144DE-766B-4451-8C59-8026B7CDE5C4}.Release|Any CPU.ActiveCfg = Release|Any CPU
		{FE6144DE-766B-4451-8C59-8026B7CDE5C4}.Release|Any CPU.Build.0 = Release|Any CPU
		{2429599B-BA43-4A25-86C4-5C29BCF77AC2}.Debug|Any CPU.ActiveCfg = Debug|Any CPU
		{2429599B-BA43-4A25-86C4-5C29BCF77AC2}.Debug|Any CPU.Build.0 = Debug|Any CPU
		{2429599B-BA43-4A25-86C4-5C29BCF77AC2}.Release|Any CPU.ActiveCfg = Release|Any CPU
		{2429599B-BA43-4A25-86C4-5C29BCF77AC2}.Release|Any CPU.Build.0 = Release|Any CPU
		{8828781F-57BE-43AF-A2D3-7EB38647624D}.Debug|Any CPU.ActiveCfg = Debug|Any CPU
		{8828781F-57BE-43AF-A2D3-7EB38647624D}.Debug|Any CPU.Build.0 = Debug|Any CPU
		{8828781F-57BE-43AF-A2D3-7EB38647624D}.Release|Any CPU.ActiveCfg = Release|Any CPU
		{8828781F-57BE-43AF-A2D3-7EB38647624D}.Release|Any CPU.Build.0 = Release|Any CPU
		{9EB73AA4-5BFE-43CA-9808-59D576A272B1}.Debug|Any CPU.ActiveCfg = Debug|Any CPU
		{9EB73AA4-5BFE-43CA-9808-59D576A272B1}.Debug|Any CPU.Build.0 = Debug|Any CPU
		{9EB73AA4-5BFE-43CA-9808-59D576A272B1}.Release|Any CPU.ActiveCfg = Release|Any CPU
		{9EB73AA4-5BFE-43CA-9808-59D576A272B1}.Release|Any CPU.Build.0 = Release|Any CPU
		{E4426456-5577-4D41-AE65-4180BC827731}.Debug|Any CPU.ActiveCfg = Debug|Any CPU
		{E4426456-5577-4D41-AE65-4180BC827731}.Debug|Any CPU.Build.0 = Debug|Any CPU
		{E4426456-5577-4D41-AE65-4180BC827731}.Release|Any CPU.ActiveCfg = Release|Any CPU
		{E4426456-5577-4D41-AE65-4180BC827731}.Release|Any CPU.Build.0 = Release|Any CPU
		{8C83D625-960F-4C36-8AFC-E9FEA9C051F6}.Debug|Any CPU.ActiveCfg = Debug|Any CPU
		{8C83D625-960F-4C36-8AFC-E9FEA9C051F6}.Debug|Any CPU.Build.0 = Debug|Any CPU
		{8C83D625-960F-4C36-8AFC-E9FEA9C051F6}.Release|Any CPU.ActiveCfg = Release|Any CPU
		{8C83D625-960F-4C36-8AFC-E9FEA9C051F6}.Release|Any CPU.Build.0 = Release|Any CPU
		{C20C2D65-528A-4FCB-8715-1EC2DE2F6F8A}.Debug|Any CPU.ActiveCfg = Debug|Any CPU
		{C20C2D65-528A-4FCB-8715-1EC2DE2F6F8A}.Debug|Any CPU.Build.0 = Debug|Any CPU
		{C20C2D65-528A-4FCB-8715-1EC2DE2F6F8A}.Release|Any CPU.ActiveCfg = Release|Any CPU
		{C20C2D65-528A-4FCB-8715-1EC2DE2F6F8A}.Release|Any CPU.Build.0 = Release|Any CPU
	EndGlobalSection
	GlobalSection(SolutionProperties) = preSolution
		HideSolutionNode = FALSE
	EndGlobalSection
	GlobalSection(NestedProjects) = preSolution
		{C20C2D65-528A-4FCB-8715-1EC2DE2F6F8A} = {34BD10B5-5101-42DB-814D-F4C4085BC36C}
	EndGlobalSection
	GlobalSection(ExtensibilityGlobals) = postSolution
		SolutionGuid = {75014FFC-1ED3-4812-924A-135C7806673B}
	EndGlobalSection
EndGlobal
